
Microsoft Visual Studio Solution File, Format Version 12.00
# Visual Studio Version 16
VisualStudioVersion = 16.0.31402.337
MinimumVisualStudioVersion = 10.0.40219.1
Project("{FAE04EC0-301F-11D3-BF4B-00C04F79EFBC}") = "Calculadora", "Calculadora\Calculadora.csproj", "{CA290FC1-2778-4FCB-BD31-79E47C438797}"
EndProject
Global
	GlobalSection(SolutionConfigurationPlatforms) = preSolution
		Debug|Any CPU = Debug|Any CPU
		Release|Any CPU = Release|Any CPU
	EndGlobalSection
	GlobalSection(ProjectConfigurationPlatforms) = postSolution
		{CA290FC1-2778-4FCB-BD31-79E47C438797}.Debug|Any CPU.ActiveCfg = Debug|Any CPU
		{CA290FC1-2778-4FCB-BD31-79E47C438797}.Debug|Any CPU.Build.0 = Debug|Any CPU
		{CA290FC1-2778-4FCB-BD31-79E47C438797}.Release|Any CPU.ActiveCfg = Release|Any CPU
		{CA290FC1-2778-4FCB-BD31-79E47C438797}.Release|Any CPU.Build.0 = Release|Any CPU
	EndGlobalSection
	GlobalSection(SolutionProperties) = preSolution
		HideSolutionNode = FALSE
	EndGlobalSection
	GlobalSection(ExtensibilityGlobals) = postSolution
		SolutionGuid = {6E2DF692-6F16-4F54-97D9-42609924033C}
	EndGlobalSection
EndGlobal
